
Microsoft Visual Studio Solution File, Format Version 12.00
# Visual Studio 15
VisualStudioVersion = 15.0.26403.7
MinimumVisualStudioVersion = 10.0.40219.1
Project("{FAE04EC0-301F-11D3-BF4B-00C04F79EFBC}") = "Ejercicio01", "EjercicioUno\Ejercicio01.csproj", "{C2F3C965-76CF-436B-8BAB-551DC2002617}"
EndProject
Project("{FAE04EC0-301F-11D3-BF4B-00C04F79EFBC}") = "Ejercicio02", "EjercicioDos\Ejercicio02.csproj", "{C68876C1-1E55-425C-B284-EA4BAB0F590C}"
EndProject
Project("{FAE04EC0-301F-11D3-BF4B-00C04F79EFBC}") = "Ejercicio03", "Ejercicio03\Ejercicio03.csproj", "{13A9F82D-48F7-45DF-9865-38C77FB9DAF2}"
EndProject
Project("{FAE04EC0-301F-11D3-BF4B-00C04F79EFBC}") = "Ejercicio04", "Ejercicio04\Ejercicio04.csproj", "{A30C3B1C-14E1-47E4-82C5-CE48C6E85D7F}"
EndProject
Global
	GlobalSection(SolutionConfigurationPlatforms) = preSolution
		Debug|Any CPU = Debug|Any CPU
		Release|Any CPU = Release|Any CPU
	EndGlobalSection
	GlobalSection(ProjectConfigurationPlatforms) = postSolution
		{C2F3C965-76CF-436B-8BAB-551DC2002617}.Debug|Any CPU.ActiveCfg = Debug|Any CPU
		{C2F3C965-76CF-436B-8BAB-551DC2002617}.Debug|Any CPU.Build.0 = Debug|Any CPU
		{C2F3C965-76CF-436B-8BAB-551DC2002617}.Release|Any CPU.ActiveCfg = Release|Any CPU
		{C2F3C965-76CF-436B-8BAB-551DC2002617}.Release|Any CPU.Build.0 = Release|Any CPU
		{C68876C1-1E55-425C-B284-EA4BAB0F590C}.Debug|Any CPU.ActiveCfg = Debug|Any CPU
		{C68876C1-1E55-425C-B284-EA4BAB0F590C}.Debug|Any CPU.Build.0 = Debug|Any CPU
		{C68876C1-1E55-425C-B284-EA4BAB0F590C}.Release|Any CPU.ActiveCfg = Release|Any CPU
		{C68876C1-1E55-425C-B284-EA4BAB0F590C}.Release|Any CPU.Build.0 = Release|Any CPU
		{13A9F82D-48F7-45DF-9865-38C77FB9DAF2}.Debug|Any CPU.ActiveCfg = Debug|Any CPU
		{13A9F82D-48F7-45DF-9865-38C77FB9DAF2}.Debug|Any CPU.Build.0 = Debug|Any CPU
		{13A9F82D-48F7-45DF-9865-38C77FB9DAF2}.Release|Any CPU.ActiveCfg = Release|Any CPU
		{13A9F82D-48F7-45DF-9865-38C77FB9DAF2}.Release|Any CPU.Build.0 = Release|Any CPU
		{A30C3B1C-14E1-47E4-82C5-CE48C6E85D7F}.Debug|Any CPU.ActiveCfg = Debug|Any CPU
		{A30C3B1C-14E1-47E4-82C5-CE48C6E85D7F}.Debug|Any CPU.Build.0 = Debug|Any CPU
		{A30C3B1C-14E1-47E4-82C5-CE48C6E85D7F}.Release|Any CPU.ActiveCfg = Release|Any CPU
		{A30C3B1C-14E1-47E4-82C5-CE48C6E85D7F}.Release|Any CPU.Build.0 = Release|Any CPU
	EndGlobalSection
	GlobalSection(SolutionProperties) = preSolution
		HideSolutionNode = FALSE
	EndGlobalSection
EndGlobal
